
Microsoft Visual Studio Solution File, Format Version 11.00
# Visual Studio 2010
Project("{FAE04EC0-301F-11D3-BF4B-00C04F79EFBC}") = "OMCS.Boost", "OMCS.Boost\OMCS.Boost.csproj", "{F7A37264-B384-4621-9055-D0B91040158D}"
EndProject
Project("{FAE04EC0-301F-11D3-BF4B-00C04F79EFBC}") = "OMCS.Server", "OMCS.Server\OMCS.Server.csproj", "{8A9E4F58-C3F5-4409-80FD-3799C4BC42B9}"
EndProject
Project("{FAE04EC0-301F-11D3-BF4B-00C04F79EFBC}") = "OMCS.WPF", "OMCS.WPF\OMCS.WPF.csproj", "{28508F77-5B03-4A12-BA43-2BA8D17A841B}"
EndProject
Global
	GlobalSection(SolutionConfigurationPlatforms) = preSolution
		Debug|Any CPU = Debug|Any CPU
		Debug|Mixed Platforms = Debug|Mixed Platforms
		Debug|x86 = Debug|x86
		Release|Any CPU = Release|Any CPU
		Release|Mixed Platforms = Release|Mixed Platforms
		Release|x86 = Release|x86
	EndGlobalSection
	GlobalSection(ProjectConfigurationPlatforms) = postSolution
		{F7A37264-B384-4621-9055-D0B91040158D}.Debug|Any CPU.ActiveCfg = Debug|Any CPU
		{F7A37264-B384-4621-9055-D0B91040158D}.Debug|Any CPU.Build.0 = Debug|Any CPU
		{F7A37264-B384-4621-9055-D0B91040158D}.Debug|Mixed Platforms.ActiveCfg = Debug|Any CPU
		{F7A37264-B384-4621-9055-D0B91040158D}.Debug|Mixed Platforms.Build.0 = Debug|Any CPU
		{F7A37264-B384-4621-9055-D0B91040158D}.Debug|x86.ActiveCfg = Debug|Any CPU
		{F7A37264-B384-4621-9055-D0B91040158D}.Release|Any CPU.ActiveCfg = Release|Any CPU
		{F7A37264-B384-4621-9055-D0B91040158D}.Release|Any CPU.Build.0 = Release|Any CPU
		{F7A37264-B384-4621-9055-D0B91040158D}.Release|Mixed Platforms.ActiveCfg = Release|Any CPU
		{F7A37264-B384-4621-9055-D0B91040158D}.Release|Mixed Platforms.Build.0 = Release|Any CPU
		{F7A37264-B384-4621-9055-D0B91040158D}.Release|x86.ActiveCfg = Release|Any CPU
		{8A9E4F58-C3F5-4409-80FD-3799C4BC42B9}.Debug|Any CPU.ActiveCfg = Debug|x86
		{8A9E4F58-C3F5-4409-80FD-3799C4BC42B9}.Debug|Mixed Platforms.ActiveCfg = Debug|x86
		{8A9E4F58-C3F5-4409-80FD-3799C4BC42B9}.Debug|Mixed Platforms.Build.0 = Debug|x86
		{8A9E4F58-C3F5-4409-80FD-3799C4BC42B9}.Debug|x86.ActiveCfg = Debug|x86
		{8A9E4F58-C3F5-4409-80FD-3799C4BC42B9}.Debug|x86.Build.0 = Debug|x86
		{8A9E4F58-C3F5-4409-80FD-3799C4BC42B9}.Release|Any CPU.ActiveCfg = Release|x86
		{8A9E4F58-C3F5-4409-80FD-3799C4BC42B9}.Release|Mixed Platforms.ActiveCfg = Release|x86
		{8A9E4F58-C3F5-4409-80FD-3799C4BC42B9}.Release|Mixed Platforms.Build.0 = Release|x86
		{8A9E4F58-C3F5-4409-80FD-3799C4BC42B9}.Release|x86.ActiveCfg = Release|x86
		{8A9E4F58-C3F5-4409-80FD-3799C4BC42B9}.Release|x86.Build.0 = Release|x86
		{28508F77-5B03-4A12-BA43-2BA8D17A841B}.Debug|Any CPU.ActiveCfg = Debug|Any CPU
		{28508F77-5B03-4A12-BA43-2BA8D17A841B}.Debug|Any CPU.Build.0 = Debug|Any CPU
		{28508F77-5B03-4A12-BA43-2BA8D17A841B}.Debug|Mixed Platforms.ActiveCfg = Debug|Any CPU
		{28508F77-5B03-4A12-BA43-2BA8D17A841B}.Debug|Mixed Platforms.Build.0 = Debug|Any CPU
		{28508F77-5B03-4A12-BA43-2BA8D17A841B}.Debug|x86.ActiveCfg = Debug|Any CPU
		{28508F77-5B03-4A12-BA43-2BA8D17A841B}.Release|Any CPU.ActiveCfg = Release|Any CPU
		{28508F77-5B03-4A12-BA43-2BA8D17A841B}.Release|Any CPU.Build.0 = Release|Any CPU
		{28508F77-5B03-4A12-BA43-2BA8D17A841B}.Release|Mixed Platforms.ActiveCfg = Release|Any CPU
		{28508F77-5B03-4A12-BA43-2BA8D17A841B}.Release|Mixed Platforms.Build.0 = Release|Any CPU
		{28508F77-5B03-4A12-BA43-2BA8D17A841B}.Release|x86.ActiveCfg = Release|Any CPU
	EndGlobalSection
	GlobalSection(SolutionProperties) = preSolution
		HideSolutionNode = FALSE
	EndGlobalSection
EndGlobal
